<?xml version="1.0" encoding="utf-8"?>
<Project ToolsVersion="4.0" xmlns="http://schemas.microsoft.com/developer/msbuild/2003">
  <ItemGroup>
    <Filter Include="Platform">
      <UniqueIdentifier>{2AC788B4-1694-E3BF-3FAD-D1672BD9184E}</UniqueIdentifier>
    </Filter>
    <Filter Include="Platform\OpenGL">
      <UniqueIdentifier>{1E7D2C1D-8A08-9AE1-9319-1DD6FF23F6E1}</UniqueIdentifier>
    </Filter>
    <Filter Include="Platform\Windows">
      <UniqueIdentifier>{64FBD71A-50F4-F66C-7926-DCF1657ED678}</UniqueIdentifier>
    </Filter>
    <Filter Include="RealEngine">
      <UniqueIdentifier>{FFFEA01D-EBB6-E26A-54BE-BBC640957D5B}</UniqueIdentifier>
    </Filter>
    <Filter Include="RealEngine\Events">
      <UniqueIdentifier>{03F6DFFB-6F0C-DE91-B883-69B324D9AE19}</UniqueIdentifier>
    </Filter>
    <Filter Include="RealEngine\ImGui">
      <UniqueIdentifier>{6977323E-5570-5190-7EA2-36156AFA309C}</UniqueIdentifier>
    </Filter>
  </ItemGroup>
  <ItemGroup>
    <ClInclude Include="src\Platform\OpenGL\ImGuiOpengGLRenderer.h">
      <Filter>Platform\OpenGL</Filter>
    </ClInclude>
    <ClInclude Include="src\Platform\Windows\WindowsWindow.h">
      <Filter>Platform\Windows</Filter>
    </ClInclude>
    <ClInclude Include="src\RealEngine.h" />
    <ClInclude Include="src\RealEngine\Application.h">
      <Filter>RealEngine</Filter>
    </ClInclude>
    <ClInclude Include="src\RealEngine\Core.h">
      <Filter>RealEngine</Filter>
    </ClInclude>
    <ClInclude Include="src\RealEngine\EntryPoint.h">
      <Filter>RealEngine</Filter>
    </ClInclude>
    <ClInclude Include="src\RealEngine\Events\ApplicationEvent.h">
      <Filter>RealEngine\Events</Filter>
    </ClInclude>
    <ClInclude Include="src\RealEngine\Events\Event.h">
      <Filter>RealEngine\Events</Filter>
    </ClInclude>
    <ClInclude Include="src\RealEngine\Events\KeyEvent.h">
      <Filter>RealEngine\Events</Filter>
    </ClInclude>
    <ClInclude Include="src\RealEngine\Events\MouseEvent.h">
      <Filter>RealEngine\Events</Filter>
    </ClInclude>
    <ClInclude Include="src\RealEngine\ImGui\ImGuiLayer.h">
      <Filter>RealEngine\ImGui</Filter>
    </ClInclude>
    <ClInclude Include="src\RealEngine\Layer.h">
      <Filter>RealEngine</Filter>
    </ClInclude>
    <ClInclude Include="src\RealEngine\LayerStack.h">
      <Filter>RealEngine</Filter>
    </ClInclude>
    <ClInclude Include="src\RealEngine\Log.h">
      <Filter>RealEngine</Filter>
    </ClInclude>
    <ClInclude Include="src\RealEngine\Window.h">
      <Filter>RealEngine</Filter>
    </ClInclude>
    <ClInclude Include="src\repch.h" />
  </ItemGroup>
  <ItemGroup>
    <ClCompile Include="src\Platform\OpenGL\ImGuiOpengGLRenderer.cpp">
      <Filter>Platform\OpenGL</Filter>
    </ClCompile>
    <ClCompile Include="src\Platform\Windows\WindowsWindow.cpp">
      <Filter>Platform\Windows</Filter>
    </ClCompile>
    <ClCompile Include="src\RealEngine\Application.cpp">
      <Filter>RealEngine</Filter>
    </ClCompile>
    <ClCompile Include="src\RealEngine\ImGui\ImGuiLayer.cpp">
      <Filter>RealEngine\ImGui</Filter>
    </ClCompile>
    <ClCompile Include="src\RealEngine\Layer.cpp">
      <Filter>RealEngine</Filter>
    </ClCompile>
    <ClCompile Include="src\RealEngine\LayerStack.cpp">
      <Filter>RealEngine</Filter>
    </ClCompile>
    <ClCompile Include="src\RealEngine\Log.cpp">
      <Filter>RealEngine</Filter>
    </ClCompile>
    <ClCompile Include="src\repch.cpp" />
  </ItemGroup>
</Project>